
Microsoft Visual Studio Solution File, Format Version 12.00
Project("{FAE04EC0-301F-11D3-BF4B-00C04F79EFBC}") = "NinthAgeCmsToArmyBook", "NinthAgeCmsToArmyBook\NinthAgeCmsToArmyBook.csproj", "{8F09AC0E-C524-41F7-B8D7-28DCE0FE1B19}"
EndProject
Project("{FAE04EC0-301F-11D3-BF4B-00C04F79EFBC}") = "NinthAgeCmsToArmyBook.UnitTests", "NinthAgeCmsToArmyBook.UnitTests\NinthAgeCmsToArmyBook.UnitTests.csproj", "{E624ACC1-61C0-4484-8642-9DE700970792}"
EndProject
Project("{2150E333-8FDC-42A3-9474-1A3956D46DE8}") = "SolutionItems", "SolutionItems", "{95851595-4BBA-409B-9AAC-C2BC76493148}"
	ProjectSection(SolutionItems) = preProject
		.gitignore = .gitignore
	EndProjectSection
EndProject
Global
	GlobalSection(SolutionConfigurationPlatforms) = preSolution
		Debug|Any CPU = Debug|Any CPU
		Release|Any CPU = Release|Any CPU
	EndGlobalSection
	GlobalSection(ProjectConfigurationPlatforms) = postSolution
		{8F09AC0E-C524-41F7-B8D7-28DCE0FE1B19}.Debug|Any CPU.ActiveCfg = Debug|Any CPU
		{8F09AC0E-C524-41F7-B8D7-28DCE0FE1B19}.Debug|Any CPU.Build.0 = Debug|Any CPU
		{8F09AC0E-C524-41F7-B8D7-28DCE0FE1B19}.Release|Any CPU.ActiveCfg = Release|Any CPU
		{8F09AC0E-C524-41F7-B8D7-28DCE0FE1B19}.Release|Any CPU.Build.0 = Release|Any CPU
		{E624ACC1-61C0-4484-8642-9DE700970792}.Debug|Any CPU.ActiveCfg = Debug|Any CPU
		{E624ACC1-61C0-4484-8642-9DE700970792}.Debug|Any CPU.Build.0 = Debug|Any CPU
		{E624ACC1-61C0-4484-8642-9DE700970792}.Release|Any CPU.ActiveCfg = Release|Any CPU
		{E624ACC1-61C0-4484-8642-9DE700970792}.Release|Any CPU.Build.0 = Release|Any CPU
	EndGlobalSection
EndGlobal
